// !$*UTF8*$!
{
	archiveVersion = 1;
	classes = {
	};
	objectVersion = 56;
	objects = {

/* Begin PBXBuildFile section */
		AE5CA4182B40B9A10048A58C /* WelcomeView.swift in Sources */ = {isa = PBXBuildFile; fileRef = AE5CA4172B40B9A10048A58C /* WelcomeView.swift */; };
		AE5CA41A2B40C4140048A58C /* DashboardView.swift in Sources */ = {isa = PBXBuildFile; fileRef = AE5CA4192B40C4140048A58C /* DashboardView.swift */; };
		AE89B5572B3DB26100B98E2C /* beeluxeApp.swift in Sources */ = {isa = PBXBuildFile; fileRef = AE89B5562B3DB26100B98E2C /* beeluxeApp.swift */; };
		AE89B5592B3DB26100B98E2C /* Persistence.swift in Sources */ = {isa = PBXBuildFile; fileRef = AE89B5582B3DB26100B98E2C /* Persistence.swift */; };
		AE89B55C2B3DB26100B98E2C /* beeluxe.xcdatamodeld in Sources */ = {isa = PBXBuildFile; fileRef = AE89B55A2B3DB26100B98E2C /* beeluxe.xcdatamodeld */; };
		AE89B55E2B3DB26200B98E2C /* ContentView.swift in Sources */ = {isa = PBXBuildFile; fileRef = AE89B55D2B3DB26200B98E2C /* ContentView.swift */; };
		AE89B5602B3DB26900B98E2C /* Assets.xcassets in Resources */ = {isa = PBXBuildFile; fileRef = AE89B55F2B3DB26900B98E2C /* Assets.xcassets */; };
		AE89B5642B3DB26900B98E2C /* Preview Assets.xcassets in Resources */ = {isa = PBXBuildFile; fileRef = AE89B5632B3DB26900B98E2C /* Preview Assets.xcassets */; };
		AE89B56E2B3DB26900B98E2C /* beeluxeTests.swift in Sources */ = {isa = PBXBuildFile; fileRef = AE89B56D2B3DB26900B98E2C /* beeluxeTests.swift */; };
		AE89B5782B3DB26900B98E2C /* beeluxeUITests.swift in Sources */ = {isa = PBXBuildFile; fileRef = AE89B5772B3DB26900B98E2C /* beeluxeUITests.swift */; };
		AE89B57A2B3DB26900B98E2C /* beeluxeUITestsLaunchTests.swift in Sources */ = {isa = PBXBuildFile; fileRef = AE89B5792B3DB26900B98E2C /* beeluxeUITestsLaunchTests.swift */; };
		AE89B5872B3DB51400B98E2C /* SignInView.swift in Sources */ = {isa = PBXBuildFile; fileRef = AE89B5862B3DB51400B98E2C /* SignInView.swift */; };
		AE89B58A2B3DB94700B98E2C /* URLImage in Frameworks */ = {isa = PBXBuildFile; productRef = AE89B5892B3DB94700B98E2C /* URLImage */; };
		AE89B58C2B3DB94700B98E2C /* URLImageStore in Frameworks */ = {isa = PBXBuildFile; productRef = AE89B58B2B3DB94700B98E2C /* URLImageStore */; };
/* End PBXBuildFile section */

/* Begin PBXContainerItemProxy section */
		AE89B56A2B3DB26900B98E2C /* PBXContainerItemProxy */ = {
			isa = PBXContainerItemProxy;
			containerPortal = AE89B54B2B3DB26100B98E2C /* Project object */;
			proxyType = 1;
			remoteGlobalIDString = AE89B5522B3DB26100B98E2C;
			remoteInfo = beeluxe;
		};
		AE89B5742B3DB26900B98E2C /* PBXContainerItemProxy */ = {
			isa = PBXContainerItemProxy;
			containerPortal = AE89B54B2B3DB26100B98E2C /* Project object */;
			proxyType = 1;
			remoteGlobalIDString = AE89B5522B3DB26100B98E2C;
			remoteInfo = beeluxe;
		};
/* End PBXContainerItemProxy section */

/* Begin PBXFileReference section */
		AE5CA4172B40B9A10048A58C /* WelcomeView.swift */ = {isa = PBXFileReference; lastKnownFileType = sourcecode.swift; path = WelcomeView.swift; sourceTree = "<group>"; };
		AE5CA4192B40C4140048A58C /* DashboardView.swift */ = {isa = PBXFileReference; lastKnownFileType = sourcecode.swift; path = DashboardView.swift; sourceTree = "<group>"; };
		AE89B5532B3DB26100B98E2C /* beeluxe.app */ = {isa = PBXFileReference; explicitFileType = wrapper.application; includeInIndex = 0; path = beeluxe.app; sourceTree = BUILT_PRODUCTS_DIR; };
		AE89B5562B3DB26100B98E2C /* beeluxeApp.swift */ = {isa = PBXFileReference; lastKnownFileType = sourcecode.swift; path = beeluxeApp.swift; sourceTree = "<group>"; };
		AE89B5582B3DB26100B98E2C /* Persistence.swift */ = {isa = PBXFileReference; lastKnownFileType = sourcecode.swift; path = Persistence.swift; sourceTree = "<group>"; };
		AE89B55B2B3DB26100B98E2C /* beeluxe.xcdatamodel */ = {isa = PBXFileReference; lastKnownFileType = wrapper.xcdatamodel; path = beeluxe.xcdatamodel; sourceTree = "<group>"; };
		AE89B55D2B3DB26200B98E2C /* ContentView.swift */ = {isa = PBXFileReference; lastKnownFileType = sourcecode.swift; path = ContentView.swift; sourceTree = "<group>"; };
		AE89B55F2B3DB26900B98E2C /* Assets.xcassets */ = {isa = PBXFileReference; lastKnownFileType = folder.assetcatalog; path = Assets.xcassets; sourceTree = "<group>"; };
		AE89B5612B3DB26900B98E2C /* beeluxe.entitlements */ = {isa = PBXFileReference; lastKnownFileType = text.plist.entitlements; path = beeluxe.entitlements; sourceTree = "<group>"; };
		AE89B5632B3DB26900B98E2C /* Preview Assets.xcassets */ = {isa = PBXFileReference; lastKnownFileType = folder.assetcatalog; path = "Preview Assets.xcassets"; sourceTree = "<group>"; };
		AE89B5692B3DB26900B98E2C /* beeluxeTests.xctest */ = {isa = PBXFileReference; explicitFileType = wrapper.cfbundle; includeInIndex = 0; path = beeluxeTests.xctest; sourceTree = BUILT_PRODUCTS_DIR; };
		AE89B56D2B3DB26900B98E2C /* beeluxeTests.swift */ = {isa = PBXFileReference; lastKnownFileType = sourcecode.swift; path = beeluxeTests.swift; sourceTree = "<group>"; };
		AE89B5732B3DB26900B98E2C /* beeluxeUITests.xctest */ = {isa = PBXFileReference; explicitFileType = wrapper.cfbundle; includeInIndex = 0; path = beeluxeUITests.xctest; sourceTree = BUILT_PRODUCTS_DIR; };
		AE89B5772B3DB26900B98E2C /* beeluxeUITests.swift */ = {isa = PBXFileReference; lastKnownFileType = sourcecode.swift; path = beeluxeUITests.swift; sourceTree = "<group>"; };
		AE89B5792B3DB26900B98E2C /* beeluxeUITestsLaunchTests.swift */ = {isa = PBXFileReference; lastKnownFileType = sourcecode.swift; path = beeluxeUITestsLaunchTests.swift; sourceTree = "<group>"; };
		AE89B5862B3DB51400B98E2C /* SignInView.swift */ = {isa = PBXFileReference; lastKnownFileType = sourcecode.swift; path = SignInView.swift; sourceTree = "<group>"; };
/* End PBXFileReference section */

/* Begin PBXFrameworksBuildPhase section */
		AE89B5502B3DB26100B98E2C /* Frameworks */ = {
			isa = PBXFrameworksBuildPhase;
			buildActionMask = 2147483647;
			files = (
				AE89B58C2B3DB94700B98E2C /* URLImageStore in Frameworks */,
				AE89B58A2B3DB94700B98E2C /* URLImage in Frameworks */,
			);
			runOnlyForDeploymentPostprocessing = 0;
		};
		AE89B5662B3DB26900B98E2C /* Frameworks */ = {
			isa = PBXFrameworksBuildPhase;
			buildActionMask = 2147483647;
			files = (
			);
			runOnlyForDeploymentPostprocessing = 0;
		};
		AE89B5702B3DB26900B98E2C /* Frameworks */ = {
			isa = PBXFrameworksBuildPhase;
			buildActionMask = 2147483647;
			files = (
			);
			runOnlyForDeploymentPostprocessing = 0;
		};
/* End PBXFrameworksBuildPhase section */

/* Begin PBXGroup section */
		AE89B54A2B3DB26100B98E2C = {
			isa = PBXGroup;
			children = (
				AE89B5552B3DB26100B98E2C /* beeluxe */,
				AE89B56C2B3DB26900B98E2C /* beeluxeTests */,
				AE89B5762B3DB26900B98E2C /* beeluxeUITests */,
				AE89B5542B3DB26100B98E2C /* Products */,
			);
			sourceTree = "<group>";
		};
		AE89B5542B3DB26100B98E2C /* Products */ = {
			isa = PBXGroup;
			children = (
				AE89B5532B3DB26100B98E2C /* beeluxe.app */,
				AE89B5692B3DB26900B98E2C /* beeluxeTests.xctest */,
				AE89B5732B3DB26900B98E2C /* beeluxeUITests.xctest */,
			);
			name = Products;
			sourceTree = "<group>";
		};
		AE89B5552B3DB26100B98E2C /* beeluxe */ = {
			isa = PBXGroup;
			children = (
				AE89B5562B3DB26100B98E2C /* beeluxeApp.swift */,
				AE5CA4192B40C4140048A58C /* DashboardView.swift */,
				AE89B5582B3DB26100B98E2C /* Persistence.swift */,
				AE89B55D2B3DB26200B98E2C /* ContentView.swift */,
				AE89B5862B3DB51400B98E2C /* SignInView.swift */,
				AE5CA4172B40B9A10048A58C /* WelcomeView.swift */,
				AE89B55F2B3DB26900B98E2C /* Assets.xcassets */,
				AE89B5612B3DB26900B98E2C /* beeluxe.entitlements */,
				AE89B55A2B3DB26100B98E2C /* beeluxe.xcdatamodeld */,
				AE89B5622B3DB26900B98E2C /* Preview Content */,
			);
			path = beeluxe;
			sourceTree = "<group>";
		};
		AE89B5622B3DB26900B98E2C /* Preview Content */ = {
			isa = PBXGroup;
			children = (
				AE89B5632B3DB26900B98E2C /* Preview Assets.xcassets */,
			);
			path = "Preview Content";
			sourceTree = "<group>";
		};
		AE89B56C2B3DB26900B98E2C /* beeluxeTests */ = {
			isa = PBXGroup;
			children = (
				AE89B56D2B3DB26900B98E2C /* beeluxeTests.swift */,
			);
			path = beeluxeTests;
			sourceTree = "<group>";
		};
		AE89B5762B3DB26900B98E2C /* beeluxeUITests */ = {
			isa = PBXGroup;
			children = (
				AE89B5772B3DB26900B98E2C /* beeluxeUITests.swift */,
				AE89B5792B3DB26900B98E2C /* beeluxeUITestsLaunchTests.swift */,
			);
			path = beeluxeUITests;
			sourceTree = "<group>";
		};
/* End PBXGroup section */

/* Begin PBXNativeTarget section */
		AE89B5522B3DB26100B98E2C /* beeluxe */ = {
			isa = PBXNativeTarget;
			buildConfigurationList = AE89B57D2B3DB26900B98E2C /* Build configuration list for PBXNativeTarget "beeluxe" */;
			buildPhases = (
				AE89B54F2B3DB26100B98E2C /* Sources */,
				AE89B5502B3DB26100B98E2C /* Frameworks */,
				AE89B5512B3DB26100B98E2C /* Resources */,
			);
			buildRules = (
			);
			dependencies = (
			);
			name = beeluxe;
			packageProductDependencies = (
				AE89B5892B3DB94700B98E2C /* URLImage */,
				AE89B58B2B3DB94700B98E2C /* URLImageStore */,
			);
			productName = beeluxe;
			productReference = AE89B5532B3DB26100B98E2C /* beeluxe.app */;
			productType = "com.apple.product-type.application";
		};
		AE89B5682B3DB26900B98E2C /* beeluxeTests */ = {
			isa = PBXNativeTarget;
			buildConfigurationList = AE89B5802B3DB26900B98E2C /* Build configuration list for PBXNativeTarget "beeluxeTests" */;
			buildPhases = (
				AE89B5652B3DB26900B98E2C /* Sources */,
				AE89B5662B3DB26900B98E2C /* Frameworks */,
				AE89B5672B3DB26900B98E2C /* Resources */,
			);
			buildRules = (
			);
			dependencies = (
				AE89B56B2B3DB26900B98E2C /* PBXTargetDependency */,
			);
			name = beeluxeTests;
			productName = beeluxeTests;
			productReference = AE89B5692B3DB26900B98E2C /* beeluxeTests.xctest */;
			productType = "com.apple.product-type.bundle.unit-test";
		};
		AE89B5722B3DB26900B98E2C /* beeluxeUITests */ = {
			isa = PBXNativeTarget;
			buildConfigurationList = AE89B5832B3DB26900B98E2C /* Build configuration list for PBXNativeTarget "beeluxeUITests" */;
			buildPhases = (
				AE89B56F2B3DB26900B98E2C /* Sources */,
				AE89B5702B3DB26900B98E2C /* Frameworks */,
				AE89B5712B3DB26900B98E2C /* Resources */,
			);
			buildRules = (
			);
			dependencies = (
				AE89B5752B3DB26900B98E2C /* PBXTargetDependency */,
			);
			name = beeluxeUITests;
			productName = beeluxeUITests;
			productReference = AE89B5732B3DB26900B98E2C /* beeluxeUITests.xctest */;
			productType = "com.apple.product-type.bundle.ui-testing";
		};
/* End PBXNativeTarget section */

/* Begin PBXProject section */
		AE89B54B2B3DB26100B98E2C /* Project object */ = {
			isa = PBXProject;
			attributes = {
				BuildIndependentTargetsInParallel = 1;
				LastSwiftUpdateCheck = 1430;
				LastUpgradeCheck = 1430;
				TargetAttributes = {
					AE89B5522B3DB26100B98E2C = {
						CreatedOnToolsVersion = 14.3;
					};
					AE89B5682B3DB26900B98E2C = {
						CreatedOnToolsVersion = 14.3;
						TestTargetID = AE89B5522B3DB26100B98E2C;
					};
					AE89B5722B3DB26900B98E2C = {
						CreatedOnToolsVersion = 14.3;
						TestTargetID = AE89B5522B3DB26100B98E2C;
					};
				};
			};
			buildConfigurationList = AE89B54E2B3DB26100B98E2C /* Build configuration list for PBXProject "beeluxe" */;
			compatibilityVersion = "Xcode 14.0";
			developmentRegion = en;
			hasScannedForEncodings = 0;
			knownRegions = (
				en,
				Base,
			);
			mainGroup = AE89B54A2B3DB26100B98E2C;
			packageReferences = (
				AE89B5882B3DB94600B98E2C /* XCRemoteSwiftPackageReference "url-image" */,
			);
			productRefGroup = AE89B5542B3DB26100B98E2C /* Products */;
			projectDirPath = "";
			projectRoot = "";
			targets = (
				AE89B5522B3DB26100B98E2C /* beeluxe */,
				AE89B5682B3DB26900B98E2C /* beeluxeTests */,
				AE89B5722B3DB26900B98E2C /* beeluxeUITests */,
			);
		};
/* End PBXProject section */

/* Begin PBXResourcesBuildPhase section */
		AE89B5512B3DB26100B98E2C /* Resources */ = {
			isa = PBXResourcesBuildPhase;
			buildActionMask = 2147483647;
			files = (
				AE89B5642B3DB26900B98E2C /* Preview Assets.xcassets in Resources */,
				AE89B5602B3DB26900B98E2C /* Assets.xcassets in Resources */,
			);
			runOnlyForDeploymentPostprocessing = 0;
		};
		AE89B5672B3DB26900B98E2C /* Resources */ = {
			isa = PBXResourcesBuildPhase;
			buildActionMask = 2147483647;
			files = (
			);
			runOnlyForDeploymentPostprocessing = 0;
		};
		AE89B5712B3DB26900B98E2C /* Resources */ = {
			isa = PBXResourcesBuildPhase;
			buildActionMask = 2147483647;
			files = (
			);
			runOnlyForDeploymentPostprocessing = 0;
		};
/* End PBXResourcesBuildPhase section */

/* Begin PBXSourcesBuildPhase section */
		AE89B54F2B3DB26100B98E2C /* Sources */ = {
			isa = PBXSourcesBuildPhase;
			buildActionMask = 2147483647;
			files = (
				AE89B55C2B3DB26100B98E2C /* beeluxe.xcdatamodeld in Sources */,
				AE5CA4182B40B9A10048A58C /* WelcomeView.swift in Sources */,
				AE89B5572B3DB26100B98E2C /* beeluxeApp.swift in Sources */,
				AE5CA41A2B40C4140048A58C /* DashboardView.swift in Sources */,
				AE89B55E2B3DB26200B98E2C /* ContentView.swift in Sources */,
				AE89B5592B3DB26100B98E2C /* Persistence.swift in Sources */,
				AE89B5872B3DB51400B98E2C /* SignInView.swift in Sources */,
			);
			runOnlyForDeploymentPostprocessing = 0;
		};
		AE89B5652B3DB26900B98E2C /* Sources */ = {
			isa = PBXSourcesBuildPhase;
			buildActionMask = 2147483647;
			files = (
				AE89B56E2B3DB26900B98E2C /* beeluxeTests.swift in Sources */,
			);
			runOnlyForDeploymentPostprocessing = 0;
		};
		AE89B56F2B3DB26900B98E2C /* Sources */ = {
			isa = PBXSourcesBuildPhase;
			buildActionMask = 2147483647;
			files = (
				AE89B5782B3DB26900B98E2C /* beeluxeUITests.swift in Sources */,
				AE89B57A2B3DB26900B98E2C /* beeluxeUITestsLaunchTests.swift in Sources */,
			);
			runOnlyForDeploymentPostprocessing = 0;
		};
/* End PBXSourcesBuildPhase section */

/* Begin PBXTargetDependency section */
		AE89B56B2B3DB26900B98E2C /* PBXTargetDependency */ = {
			isa = PBXTargetDependency;
			target = AE89B5522B3DB26100B98E2C /* beeluxe */;
			targetProxy = AE89B56A2B3DB26900B98E2C /* PBXContainerItemProxy */;
		};
		AE89B5752B3DB26900B98E2C /* PBXTargetDependency */ = {
			isa = PBXTargetDependency;
			target = AE89B5522B3DB26100B98E2C /* beeluxe */;
			targetProxy = AE89B5742B3DB26900B98E2C /* PBXContainerItemProxy */;
		};
/* End PBXTargetDependency section */

/* Begin XCBuildConfiguration section */
		AE89B57B2B3DB26900B98E2C /* Debug */ = {
			isa = XCBuildConfiguration;
			buildSettings = {
				ALWAYS_SEARCH_USER_PATHS = NO;
				CLANG_ANALYZER_NONNULL = YES;
				CLANG_ANALYZER_NUMBER_OBJECT_CONVERSION = YES_AGGRESSIVE;
				CLANG_CXX_LANGUAGE_STANDARD = "gnu++20";
				CLANG_ENABLE_MODULES = YES;
				CLANG_ENABLE_OBJC_ARC = YES;
				CLANG_ENABLE_OBJC_WEAK = YES;
				CLANG_WARN_BLOCK_CAPTURE_AUTORELEASING = YES;
				CLANG_WARN_BOOL_CONVERSION = YES;
				CLANG_WARN_COMMA = YES;
				CLANG_WARN_CONSTANT_CONVERSION = YES;
				CLANG_WARN_DEPRECATED_OBJC_IMPLEMENTATIONS = YES;
				CLANG_WARN_DIRECT_OBJC_ISA_USAGE = YES_ERROR;
				CLANG_WARN_DOCUMENTATION_COMMENTS = YES;
				CLANG_WARN_EMPTY_BODY = YES;
				CLANG_WARN_ENUM_CONVERSION = YES;
				CLANG_WARN_INFINITE_RECURSION = YES;
				CLANG_WARN_INT_CONVERSION = YES;
				CLANG_WARN_NON_LITERAL_NULL_CONVERSION = YES;
				CLANG_WARN_OBJC_IMPLICIT_RETAIN_SELF = YES;
				CLANG_WARN_OBJC_LITERAL_CONVERSION = YES;
				CLANG_WARN_OBJC_ROOT_CLASS = YES_ERROR;
				CLANG_WARN_QUOTED_INCLUDE_IN_FRAMEWORK_HEADER = YES;
				CLANG_WARN_RANGE_LOOP_ANALYSIS = YES;
				CLANG_WARN_STRICT_PROTOTYPES = YES;
				CLANG_WARN_SUSPICIOUS_MOVE = YES;
				CLANG_WARN_UNGUARDED_AVAILABILITY = YES_AGGRESSIVE;
				CLANG_WARN_UNREACHABLE_CODE = YES;
				CLANG_WARN__DUPLICATE_METHOD_MATCH = YES;
				COPY_PHASE_STRIP = NO;
				DEBUG_INFORMATION_FORMAT = dwarf;
				ENABLE_STRICT_OBJC_MSGSEND = YES;
				ENABLE_TESTABILITY = YES;
				GCC_C_LANGUAGE_STANDARD = gnu11;
				GCC_DYNAMIC_NO_PIC = NO;
				GCC_NO_COMMON_BLOCKS = YES;
				GCC_OPTIMIZATION_LEVEL = 0;
				GCC_PREPROCESSOR_DEFINITIONS = (
					"DEBUG=1",
					"$(inherited)",
				);
				GCC_WARN_64_TO_32_BIT_CONVERSION = YES;
				GCC_WARN_ABOUT_RETURN_TYPE = YES_ERROR;
				GCC_WARN_UNDECLARED_SELECTOR = YES;
				GCC_WARN_UNINITIALIZED_AUTOS = YES_AGGRESSIVE;
				GCC_WARN_UNUSED_FUNCTION = YES;
				GCC_WARN_UNUSED_VARIABLE = YES;
				MTL_ENABLE_DEBUG_INFO = INCLUDE_SOURCE;
				MTL_FAST_MATH = YES;
				ONLY_ACTIVE_ARCH = YES;
				SWIFT_ACTIVE_COMPILATION_CONDITIONS = DEBUG;
				SWIFT_OPTIMIZATION_LEVEL = "-Onone";
			};
			name = Debug;
		};
		AE89B57C2B3DB26900B98E2C /* Release */ = {
			isa = XCBuildConfiguration;
			buildSettings = {
				ALWAYS_SEARCH_USER_PATHS = NO;
				CLANG_ANALYZER_NONNULL = YES;
				CLANG_ANALYZER_NUMBER_OBJECT_CONVERSION = YES_AGGRESSIVE;
				CLANG_CXX_LANGUAGE_STANDARD = "gnu++20";
				CLANG_ENABLE_MODULES = YES;
				CLANG_ENABLE_OBJC_ARC = YES;
				CLANG_ENABLE_OBJC_WEAK = YES;
				CLANG_WARN_BLOCK_CAPTURE_AUTORELEASING = YES;
				CLANG_WARN_BOOL_CONVERSION = YES;
				CLANG_WARN_COMMA = YES;
				CLANG_WARN_CONSTANT_CONVERSION = YES;
				CLANG_WARN_DEPRECATED_OBJC_IMPLEMENTATIONS = YES;
				CLANG_WARN_DIRECT_OBJC_ISA_USAGE = YES_ERROR;
				CLANG_WARN_DOCUMENTATION_COMMENTS = YES;
				CLANG_WARN_EMPTY_BODY = YES;
				CLANG_WARN_ENUM_CONVERSION = YES;
				CLANG_WARN_INFINITE_RECURSION = YES;
				CLANG_WARN_INT_CONVERSION = YES;
				CLANG_WARN_NON_LITERAL_NULL_CONVERSION = YES;
				CLANG_WARN_OBJC_IMPLICIT_RETAIN_SELF = YES;
				CLANG_WARN_OBJC_LITERAL_CONVERSION = YES;
				CLANG_WARN_OBJC_ROOT_CLASS = YES_ERROR;
				CLANG_WARN_QUOTED_INCLUDE_IN_FRAMEWORK_HEADER = YES;
				CLANG_WARN_RANGE_LOOP_ANALYSIS = YES;
				CLANG_WARN_STRICT_PROTOTYPES = YES;
				CLANG_WARN_SUSPICIOUS_MOVE = YES;
				CLANG_WARN_UNGUARDED_AVAILABILITY = YES_AGGRESSIVE;
				CLANG_WARN_UNREACHABLE_CODE = YES;
				CLANG_WARN__DUPLICATE_METHOD_MATCH = YES;
				COPY_PHASE_STRIP = NO;
				DEBUG_INFORMATION_FORMAT = "dwarf-with-dsym";
				ENABLE_NS_ASSERTIONS = NO;
				ENABLE_STRICT_OBJC_MSGSEND = YES;
				GCC_C_LANGUAGE_STANDARD = gnu11;
				GCC_NO_COMMON_BLOCKS = YES;
				GCC_WARN_64_TO_32_BIT_CONVERSION = YES;
				GCC_WARN_ABOUT_RETURN_TYPE = YES_ERROR;
				GCC_WARN_UNDECLARED_SELECTOR = YES;
				GCC_WARN_UNINITIALIZED_AUTOS = YES_AGGRESSIVE;
				GCC_WARN_UNUSED_FUNCTION = YES;
				GCC_WARN_UNUSED_VARIABLE = YES;
				MTL_ENABLE_DEBUG_INFO = NO;
				MTL_FAST_MATH = YES;
				SWIFT_COMPILATION_MODE = wholemodule;
				SWIFT_OPTIMIZATION_LEVEL = "-O";
			};
			name = Release;
		};
		AE89B57E2B3DB26900B98E2C /* Debug */ = {
			isa = XCBuildConfiguration;
			buildSettings = {
				ASSETCATALOG_COMPILER_APPICON_NAME = AppIcon;
				ASSETCATALOG_COMPILER_GLOBAL_ACCENT_COLOR_NAME = AccentColor;
				CODE_SIGN_ENTITLEMENTS = beeluxe/beeluxe.entitlements;
				CODE_SIGN_STYLE = Automatic;
				CURRENT_PROJECT_VERSION = 1;
				DEVELOPMENT_ASSET_PATHS = "\"beeluxe/Preview Content\"";
				DEVELOPMENT_TEAM = VRZ5HGV95S;
				ENABLE_HARDENED_RUNTIME = YES;
				ENABLE_PREVIEWS = YES;
				GENERATE_INFOPLIST_FILE = YES;
				"INFOPLIST_KEY_UIApplicationSceneManifest_Generation[sdk=iphoneos*]" = YES;
				"INFOPLIST_KEY_UIApplicationSceneManifest_Generation[sdk=iphonesimulator*]" = YES;
				"INFOPLIST_KEY_UIApplicationSupportsIndirectInputEvents[sdk=iphoneos*]" = YES;
				"INFOPLIST_KEY_UIApplicationSupportsIndirectInputEvents[sdk=iphonesimulator*]" = YES;
				"INFOPLIST_KEY_UILaunchScreen_Generation[sdk=iphoneos*]" = YES;
				"INFOPLIST_KEY_UILaunchScreen_Generation[sdk=iphonesimulator*]" = YES;
				"INFOPLIST_KEY_UIStatusBarStyle[sdk=iphoneos*]" = UIStatusBarStyleDefault;
				"INFOPLIST_KEY_UIStatusBarStyle[sdk=iphonesimulator*]" = UIStatusBarStyleDefault;
				INFOPLIST_KEY_UISupportedInterfaceOrientations_iPad = "UIInterfaceOrientationPortrait UIInterfaceOrientationPortraitUpsideDown UIInterfaceOrientationLandscapeLeft UIInterfaceOrientationLandscapeRight";
				INFOPLIST_KEY_UISupportedInterfaceOrientations_iPhone = "UIInterfaceOrientationPortrait UIInterfaceOrientationLandscapeLeft UIInterfaceOrientationLandscapeRight";
				IPHONEOS_DEPLOYMENT_TARGET = 16.4;
				LD_RUNPATH_SEARCH_PATHS = "@executable_path/Frameworks";
				"LD_RUNPATH_SEARCH_PATHS[sdk=macosx*]" = "@executable_path/../Frameworks";
				MACOSX_DEPLOYMENT_TARGET = 13.3;
				MARKETING_VERSION = 1.0;
				PRODUCT_BUNDLE_IDENTIFIER = bAInaryglobe.beeluxe;
				PRODUCT_NAME = "$(TARGET_NAME)";
				SDKROOT = auto;
				SUPPORTED_PLATFORMS = "iphoneos iphonesimulator macosx";
				SWIFT_EMIT_LOC_STRINGS = YES;
				SWIFT_VERSION = 5.0;
				TARGETED_DEVICE_FAMILY = "1,2";
			};
			name = Debug;
		};
		AE89B57F2B3DB26900B98E2C /* Release */ = {
			isa = XCBuildConfiguration;
			buildSettings = {
				ASSETCATALOG_COMPILER_APPICON_NAME = AppIcon;
				ASSETCATALOG_COMPILER_GLOBAL_ACCENT_COLOR_NAME = AccentColor;
				CODE_SIGN_ENTITLEMENTS = beeluxe/beeluxe.entitlements;
				CODE_SIGN_STYLE = Automatic;
				CURRENT_PROJECT_VERSION = 1;
				DEVELOPMENT_ASSET_PATHS = "\"beeluxe/Preview Content\"";
				DEVELOPMENT_TEAM = VRZ5HGV95S;
				ENABLE_HARDENED_RUNTIME = YES;
				ENABLE_PREVIEWS = YES;
				GENERATE_INFOPLIST_FILE = YES;
				"INFOPLIST_KEY_UIApplicationSceneManifest_Generation[sdk=iphoneos*]" = YES;
				"INFOPLIST_KEY_UIApplicationSceneManifest_Generation[sdk=iphonesimulator*]" = YES;
				"INFOPLIST_KEY_UIApplicationSupportsIndirectInputEvents[sdk=iphoneos*]" = YES;
				"INFOPLIST_KEY_UIApplicationSupportsIndirectInputEvents[sdk=iphonesimulator*]" = YES;
				"INFOPLIST_KEY_UILaunchScreen_Generation[sdk=iphoneos*]" = YES;
				"INFOPLIST_KEY_UILaunchScreen_Generation[sdk=iphonesimulator*]" = YES;
				"INFOPLIST_KEY_UIStatusBarStyle[sdk=iphoneos*]" = UIStatusBarStyleDefault;
				"INFOPLIST_KEY_UIStatusBarStyle[sdk=iphonesimulator*]" = UIStatusBarStyleDefault;
				INFOPLIST_KEY_UISupportedInterfaceOrientations_iPad = "UIInterfaceOrientationPortrait UIInterfaceOrientationPortraitUpsideDown UIInterfaceOrientationLandscapeLeft UIInterfaceOrientationLandscapeRight";
				INFOPLIST_KEY_UISupportedInterfaceOrientations_iPhone = "UIInterfaceOrientationPortrait UIInterfaceOrientationLandscapeLeft UIInterfaceOrientationLandscapeRight";
				IPHONEOS_DEPLOYMENT_TARGET = 16.4;
				LD_RUNPATH_SEARCH_PATHS = "@executable_path/Frameworks";
				"LD_RUNPATH_SEARCH_PATHS[sdk=macosx*]" = "@executable_path/../Frameworks";
				MACOSX_DEPLOYMENT_TARGET = 13.3;
				MARKETING_VERSION = 1.0;
				PRODUCT_BUNDLE_IDENTIFIER = bAInaryglobe.beeluxe;
				PRODUCT_NAME = "$(TARGET_NAME)";
				SDKROOT = auto;
				SUPPORTED_PLATFORMS = "iphoneos iphonesimulator macosx";
				SWIFT_EMIT_LOC_STRINGS = YES;
				SWIFT_VERSION = 5.0;
				TARGETED_DEVICE_FAMILY = "1,2";
			};
			name = Release;
		};
		AE89B5812B3DB26900B98E2C /* Debug */ = {
			isa = XCBuildConfiguration;
			buildSettings = {
				ALWAYS_EMBED_SWIFT_STANDARD_LIBRARIES = YES;
				BUNDLE_LOADER = "$(TEST_HOST)";
				CODE_SIGN_STYLE = Automatic;
				CURRENT_PROJECT_VERSION = 1;
				DEVELOPMENT_TEAM = VRZ5HGV95S;
				GENERATE_INFOPLIST_FILE = YES;
				IPHONEOS_DEPLOYMENT_TARGET = 16.4;
				MACOSX_DEPLOYMENT_TARGET = 13.3;
				MARKETING_VERSION = 1.0;
				PRODUCT_BUNDLE_IDENTIFIER = bAInaryglobe.beeluxeTests;
				PRODUCT_NAME = "$(TARGET_NAME)";
				SDKROOT = auto;
				SUPPORTED_PLATFORMS = "iphoneos iphonesimulator macosx";
				SWIFT_EMIT_LOC_STRINGS = NO;
				SWIFT_VERSION = 5.0;
				TARGETED_DEVICE_FAMILY = "1,2";
				TEST_HOST = "$(BUILT_PRODUCTS_DIR)/beeluxe.app/$(BUNDLE_EXECUTABLE_FOLDER_PATH)/beeluxe";
			};
			name = Debug;
		};
		AE89B5822B3DB26900B98E2C /* Release */ = {
			isa = XCBuildConfiguration;
			buildSettings = {
				ALWAYS_EMBED_SWIFT_STANDARD_LIBRARIES = YES;
				BUNDLE_LOADER = "$(TEST_HOST)";
				CODE_SIGN_STYLE = Automatic;
				CURRENT_PROJECT_VERSION = 1;
				DEVELOPMENT_TEAM = VRZ5HGV95S;
				GENERATE_INFOPLIST_FILE = YES;
				IPHONEOS_DEPLOYMENT_TARGET = 16.4;
				MACOSX_DEPLOYMENT_TARGET = 13.3;
				MARKETING_VERSION = 1.0;
				PRODUCT_BUNDLE_IDENTIFIER = bAInaryglobe.beeluxeTests;
				PRODUCT_NAME = "$(TARGET_NAME)";
				SDKROOT = auto;
				SUPPORTED_PLATFORMS = "iphoneos iphonesimulator macosx";
				SWIFT_EMIT_LOC_STRINGS = NO;
				SWIFT_VERSION = 5.0;
				TARGETED_DEVICE_FAMILY = "1,2";
				TEST_HOST = "$(BUILT_PRODUCTS_DIR)/beeluxe.app/$(BUNDLE_EXECUTABLE_FOLDER_PATH)/beeluxe";
			};
			name = Release;
		};
		AE89B5842B3DB26900B98E2C /* Debug */ = {
			isa = XCBuildConfiguration;
			buildSettings = {
				ALWAYS_EMBED_SWIFT_STANDARD_LIBRARIES = YES;
				CODE_SIGN_STYLE = Automatic;
				CURRENT_PROJECT_VERSION = 1;
				DEVELOPMENT_TEAM = VRZ5HGV95S;
				GENERATE_INFOPLIST_FILE = YES;
				IPHONEOS_DEPLOYMENT_TARGET = 16.4;
				MACOSX_DEPLOYMENT_TARGET = 13.3;
				MARKETING_VERSION = 1.0;
				PRODUCT_BUNDLE_IDENTIFIER = bAInaryglobe.beeluxeUITests;
				PRODUCT_NAME = "$(TARGET_NAME)";
				SDKROOT = auto;
				SUPPORTED_PLATFORMS = "iphoneos iphonesimulator macosx";
				SWIFT_EMIT_LOC_STRINGS = NO;
				SWIFT_VERSION = 5.0;
				TARGETED_DEVICE_FAMILY = "1,2";
				TEST_TARGET_NAME = beeluxe;
			};
			name = Debug;
		};
		AE89B5852B3DB26900B98E2C /* Release */ = {
			isa = XCBuildConfiguration;
			buildSettings = {
				ALWAYS_EMBED_SWIFT_STANDARD_LIBRARIES = YES;
				CODE_SIGN_STYLE = Automatic;
				CURRENT_PROJECT_VERSION = 1;
				DEVELOPMENT_TEAM = VRZ5HGV95S;
				GENERATE_INFOPLIST_FILE = YES;
				IPHONEOS_DEPLOYMENT_TARGET = 16.4;
				MACOSX_DEPLOYMENT_TARGET = 13.3;
				MARKETING_VERSION = 1.0;
				PRODUCT_BUNDLE_IDENTIFIER = bAInaryglobe.beeluxeUITests;
				PRODUCT_NAME = "$(TARGET_NAME)";
				SDKROOT = auto;
				SUPPORTED_PLATFORMS = "iphoneos iphonesimulator macosx";
				SWIFT_EMIT_LOC_STRINGS = NO;
				SWIFT_VERSION = 5.0;
				TARGETED_DEVICE_FAMILY = "1,2";
				TEST_TARGET_NAME = beeluxe;
			};
			name = Release;
		};
/* End XCBuildConfiguration section */

/* Begin XCConfigurationList section */
		AE89B54E2B3DB26100B98E2C /* Build configuration list for PBXProject "beeluxe" */ = {
			isa = XCConfigurationList;
			buildConfigurations = (
				AE89B57B2B3DB26900B98E2C /* Debug */,
				AE89B57C2B3DB26900B98E2C /* Release */,
			);
			defaultConfigurationIsVisible = 0;
			defaultConfigurationName = Release;
		};
		AE89B57D2B3DB26900B98E2C /* Build configuration list for PBXNativeTarget "beeluxe" */ = {
			isa = XCConfigurationList;
			buildConfigurations = (
				AE89B57E2B3DB26900B98E2C /* Debug */,
				AE89B57F2B3DB26900B98E2C /* Release */,
			);
			defaultConfigurationIsVisible = 0;
			defaultConfigurationName = Release;
		};
		AE89B5802B3DB26900B98E2C /* Build configuration list for PBXNativeTarget "beeluxeTests" */ = {
			isa = XCConfigurationList;
			buildConfigurations = (
				AE89B5812B3DB26900B98E2C /* Debug */,
				AE89B5822B3DB26900B98E2C /* Release */,
			);
			defaultConfigurationIsVisible = 0;
			defaultConfigurationName = Release;
		};
		AE89B5832B3DB26900B98E2C /* Build configuration list for PBXNativeTarget "beeluxeUITests" */ = {
			isa = XCConfigurationList;
			buildConfigurations = (
				AE89B5842B3DB26900B98E2C /* Debug */,
				AE89B5852B3DB26900B98E2C /* Release */,
			);
			defaultConfigurationIsVisible = 0;
			defaultConfigurationName = Release;
		};
/* End XCConfigurationList section */

/* Begin XCRemoteSwiftPackageReference section */
		AE89B5882B3DB94600B98E2C /* XCRemoteSwiftPackageReference "url-image" */ = {
			isa = XCRemoteSwiftPackageReference;
			repositoryURL = "https://github.com/dmytro-anokhin/url-image";
			requirement = {
				kind = upToNextMajorVersion;
				minimumVersion = 3.0.0;
			};
		};
/* End XCRemoteSwiftPackageReference section */

/* Begin XCSwiftPackageProductDependency section */
		AE89B5892B3DB94700B98E2C /* URLImage */ = {
			isa = XCSwiftPackageProductDependency;
			package = AE89B5882B3DB94600B98E2C /* XCRemoteSwiftPackageReference "url-image" */;
			productName = URLImage;
		};
		AE89B58B2B3DB94700B98E2C /* URLImageStore */ = {
			isa = XCSwiftPackageProductDependency;
			package = AE89B5882B3DB94600B98E2C /* XCRemoteSwiftPackageReference "url-image" */;
			productName = URLImageStore;
		};
/* End XCSwiftPackageProductDependency section */

/* Begin XCVersionGroup section */
		AE89B55A2B3DB26100B98E2C /* beeluxe.xcdatamodeld */ = {
			isa = XCVersionGroup;
			children = (
				AE89B55B2B3DB26100B98E2C /* beeluxe.xcdatamodel */,
			);
			currentVersion = AE89B55B2B3DB26100B98E2C /* beeluxe.xcdatamodel */;
			path = beeluxe.xcdatamodeld;
			sourceTree = "<group>";
			versionGroupType = wrapper.xcdatamodel;
		};
/* End XCVersionGroup section */
	};
	rootObject = AE89B54B2B3DB26100B98E2C /* Project object */;
}
